
Microsoft Visual Studio Solution File, Format Version 12.00
# Visual Studio Version 16
VisualStudioVersion = 16.0.32106.194
MinimumVisualStudioVersion = 10.0.40219.1
Project("{FAE04EC0-301F-11D3-BF4B-00C04F79EFBC}") = "PetProject", "PetProject\PetProject.csproj", "{DD218E82-375E-4BFF-BD45-DAFC8DB4CFA2}"
EndProject
Global
	GlobalSection(SolutionConfigurationPlatforms) = preSolution
		Debug|Any CPU = Debug|Any CPU
		Release|Any CPU = Release|Any CPU
	EndGlobalSection
	GlobalSection(ProjectConfigurationPlatforms) = postSolution
		{DD218E82-375E-4BFF-BD45-DAFC8DB4CFA2}.Debug|Any CPU.ActiveCfg = Debug|Any CPU
		{DD218E82-375E-4BFF-BD45-DAFC8DB4CFA2}.Debug|Any CPU.Build.0 = Debug|Any CPU
		{DD218E82-375E-4BFF-BD45-DAFC8DB4CFA2}.Release|Any CPU.ActiveCfg = Release|Any CPU
		{DD218E82-375E-4BFF-BD45-DAFC8DB4CFA2}.Release|Any CPU.Build.0 = Release|Any CPU
	EndGlobalSection
	GlobalSection(SolutionProperties) = preSolution
		HideSolutionNode = FALSE
	EndGlobalSection
	GlobalSection(ExtensibilityGlobals) = postSolution
		SolutionGuid = {8D5D19DE-2A59-473B-BA0F-04BF81D2733B}
	EndGlobalSection
EndGlobal
